// !$*UTF8*$!
{
	archiveVersion = 1;
	classes = {
	};
	objectVersion = 46;
	objects = {

/* Begin PBXBuildFile section */
		310CA57A1D90BAA000091EB3 /* main.cpp in Sources */ = {isa = PBXBuildFile; fileRef = 310CA5791D90BAA000091EB3 /* main.cpp */; };
/* End PBXBuildFile section */

/* Begin PBXCopyFilesBuildPhase section */
		310CA5741D90BAA000091EB3 /* CopyFiles */ = {
			isa = PBXCopyFilesBuildPhase;
			buildActionMask = 2147483647;
			dstPath = /usr/share/man/man1/;
			dstSubfolderSpec = 0;
			files = (
			);
			runOnlyForDeploymentPostprocessing = 1;
		};
/* End PBXCopyFilesBuildPhase section */

/* Begin PBXFileReference section */
		310CA5761D90BAA000091EB3 /* ASQRSDetect */ = {isa = PBXFileReference; explicitFileType = "compiled.mach-o.executable"; includeInIndex = 0; path = ASQRSDetect; sourceTree = BUILT_PRODUCTS_DIR; };
		310CA5791D90BAA000091EB3 /* main.cpp */ = {isa = PBXFileReference; lastKnownFileType = sourcecode.cpp.cpp; path = main.cpp; sourceTree = "<group>"; };
		31300F021D9372C200F013BC /* MITBIH100fullData.txt */ = {isa = PBXFileReference; fileEncoding = 4; lastKnownFileType = text; path = MITBIH100fullData.txt; sourceTree = "<group>"; };
/* End PBXFileReference section */

/* Begin PBXFrameworksBuildPhase section */
		310CA5731D90BAA000091EB3 /* Frameworks */ = {
			isa = PBXFrameworksBuildPhase;
			buildActionMask = 2147483647;
			files = (
			);
			runOnlyForDeploymentPostprocessing = 0;
		};
/* End PBXFrameworksBuildPhase section */

/* Begin PBXGroup section */
		310CA56D1D90BAA000091EB3 = {
			isa = PBXGroup;
			children = (
				310CA5781D90BAA000091EB3 /* ASQRSDetect */,
				310CA5771D90BAA000091EB3 /* Products */,
			);
			sourceTree = "<group>";
		};
		310CA5771D90BAA000091EB3 /* Products */ = {
			isa = PBXGroup;
			children = (
				310CA5761D90BAA000091EB3 /* ASQRSDetect */,
			);
			name = Products;
			sourceTree = "<group>";
		};
		310CA5781D90BAA000091EB3 /* ASQRSDetect */ = {
			isa = PBXGroup;
			children = (
				310CA5791D90BAA000091EB3 /* main.cpp */,
				31300F021D9372C200F013BC /* MITBIH100fullData.txt */,
			);
			path = ASQRSDetect;
			sourceTree = "<group>";
		};
/* End PBXGroup section */

/* Begin PBXNativeTarget section */
		310CA5751D90BAA000091EB3 /* ASQRSDetect */ = {
			isa = PBXNativeTarget;
			buildConfigurationList = 310CA57D1D90BAA000091EB3 /* Build configuration list for PBXNativeTarget "ASQRSDetect" */;
			buildPhases = (
				310CA5721D90BAA000091EB3 /* Sources */,
				310CA5731D90BAA000091EB3 /* Frameworks */,
				310CA5741D90BAA000091EB3 /* CopyFiles */,
			);
			buildRules = (
			);
			dependencies = (
			);
			name = ASQRSDetect;
			productName = ASQRSDetect;
			productReference = 310CA5761D90BAA000091EB3 /* ASQRSDetect */;
			productType = "com.apple.product-type.tool";
		};
/* End PBXNativeTarget section */

/* Begin PBXProject section */
		310CA56E1D90BAA000091EB3 /* Project object */ = {
			isa = PBXProject;
			attributes = {
				LastUpgradeCheck = 0730;
				ORGANIZATIONNAME = "Ashwin Sundar1";
				TargetAttributes = {
					310CA5751D90BAA000091EB3 = {
						CreatedOnToolsVersion = 7.3.1;
					};
				};
			};
			buildConfigurationList = 310CA5711D90BAA000091EB3 /* Build configuration list for PBXProject "ASQRSDetect" */;
			compatibilityVersion = "Xcode 3.2";
			developmentRegion = English;
			hasScannedForEncodings = 0;
			knownRegions = (
				en,
			);
			mainGroup = 310CA56D1D90BAA000091EB3;
			productRefGroup = 310CA5771D90BAA000091EB3 /* Products */;
			projectDirPath = "";
			projectRoot = "";
			targets = (
				310CA5751D90BAA000091EB3 /* ASQRSDetect */,
			);
		};
/* End PBXProject section */

/* Begin PBXSourcesBuildPhase section */
		310CA5721D90BAA000091EB3 /* Sources */ = {
			isa = PBXSourcesBuildPhase;
			buildActionMask = 2147483647;
			files = (
				310CA57A1D90BAA000091EB3 /* main.cpp in Sources */,
			);
			runOnlyForDeploymentPostprocessing = 0;
		};
/* End PBXSourcesBuildPhase section */

/* Begin XCBuildConfiguration section */
		310CA57B1D90BAA000091EB3 /* Debug */ = {
			isa = XCBuildConfiguration;
			buildSettings = {
				ALWAYS_SEARCH_USER_PATHS = NO;
				CLANG_ANALYZER_NONNULL = YES;
				CLANG_CXX_LANGUAGE_STANDARD = "gnu++0x";
				CLANG_CXX_LIBRARY = "libc++";
				CLANG_ENABLE_MODULES = YES;
				CLANG_ENABLE_OBJC_ARC = YES;
				CLANG_WARN_BOOL_CONVERSION = YES;
				CLANG_WARN_CONSTANT_CONVERSION = YES;
				CLANG_WARN_DIRECT_OBJC_ISA_USAGE = YES_ERROR;
				CLANG_WARN_EMPTY_BODY = YES;
				CLANG_WARN_ENUM_CONVERSION = YES;
				CLANG_WARN_INT_CONVERSION = YES;
				CLANG_WARN_OBJC_ROOT_CLASS = YES_ERROR;
				CLANG_WARN_UNREACHABLE_CODE = YES;
				CLANG_WARN__DUPLICATE_METHOD_MATCH = YES;
				CODE_SIGN_IDENTITY = "-";
				COPY_PHASE_STRIP = NO;
				DEBUG_INFORMATION_FORMAT = dwarf;
				ENABLE_STRICT_OBJC_MSGSEND = YES;
				ENABLE_TESTABILITY = YES;
				GCC_C_LANGUAGE_STANDARD = gnu99;
				GCC_DYNAMIC_NO_PIC = NO;
				GCC_NO_COMMON_BLOCKS = YES;
				GCC_OPTIMIZATION_LEVEL = 0;
				GCC_PREPROCESSOR_DEFINITIONS = (
					"DEBUG=1",
					"$(inherited)",
				);
				GCC_WARN_64_TO_32_BIT_CONVERSION = YES;
				GCC_WARN_ABOUT_RETURN_TYPE = YES_ERROR;
				GCC_WARN_UNDECLARED_SELECTOR = YES;
				GCC_WARN_UNINITIALIZED_AUTOS = YES_AGGRESSIVE;
				GCC_WARN_UNUSED_FUNCTION = YES;
				GCC_WARN_UNUSED_VARIABLE = YES;
				MACOSX_DEPLOYMENT_TARGET = 10.11;
				MTL_ENABLE_DEBUG_INFO = YES;
				ONLY_ACTIVE_ARCH = YES;
				SDKROOT = macosx;
			};
			name = Debug;
		};
		310CA57C1D90BAA000091EB3 /* Release */ = {
			isa = XCBuildConfiguration;
			buildSettings = {
				ALWAYS_SEARCH_USER_PATHS = NO;
				CLANG_ANALYZER_NONNULL = YES;
				CLANG_CXX_LANGUAGE_STANDARD = "gnu++0x";
				CLANG_CXX_LIBRARY = "libc++";
				CLANG_ENABLE_MODULES = YES;
				CLANG_ENABLE_OBJC_ARC = YES;
				CLANG_WARN_BOOL_CONVERSION = YES;
				CLANG_WARN_CONSTANT_CONVERSION = YES;
				CLANG_WARN_DIRECT_OBJC_ISA_USAGE = YES_ERROR;
				CLANG_WARN_EMPTY_BODY = YES;
				CLANG_WARN_ENUM_CONVERSION = YES;
				CLANG_WARN_INT_CONVERSION = YES;
				CLANG_WARN_OBJC_ROOT_CLASS = YES_ERROR;
				CLANG_WARN_UNREACHABLE_CODE = YES;
				CLANG_WARN__DUPLICATE_METHOD_MATCH = YES;
				CODE_SIGN_IDENTITY = "-";
				COPY_PHASE_STRIP = NO;
				DEBUG_INFORMATION_FORMAT = "dwarf-with-dsym";
				ENABLE_NS_ASSERTIONS = NO;
				ENABLE_STRICT_OBJC_MSGSEND = YES;
				GCC_C_LANGUAGE_STANDARD = gnu99;
				GCC_NO_COMMON_BLOCKS = YES;
				GCC_WARN_64_TO_32_BIT_CONVERSION = YES;
				GCC_WARN_ABOUT_RETURN_TYPE = YES_ERROR;
				GCC_WARN_UNDECLARED_SELECTOR = YES;
				GCC_WARN_UNINITIALIZED_AUTOS = YES_AGGRESSIVE;
				GCC_WARN_UNUSED_FUNCTION = YES;
				GCC_WARN_UNUSED_VARIABLE = YES;
				MACOSX_DEPLOYMENT_TARGET = 10.11;
				MTL_ENABLE_DEBUG_INFO = NO;
				SDKROOT = macosx;
			};
			name = Release;
		};
		310CA57E1D90BAA000091EB3 /* Debug */ = {
			isa = XCBuildConfiguration;
			buildSettings = {
				PRODUCT_NAME = "$(TARGET_NAME)";
			};
			name = Debug;
		};
		310CA57F1D90BAA000091EB3 /* Release */ = {
			isa = XCBuildConfiguration;
			buildSettings = {
				PRODUCT_NAME = "$(TARGET_NAME)";
			};
			name = Release;
		};
/* End XCBuildConfiguration section */

/* Begin XCConfigurationList section */
		310CA5711D90BAA000091EB3 /* Build configuration list for PBXProject "ASQRSDetect" */ = {
			isa = XCConfigurationList;
			buildConfigurations = (
				310CA57B1D90BAA000091EB3 /* Debug */,
				310CA57C1D90BAA000091EB3 /* Release */,
			);
			defaultConfigurationIsVisible = 0;
			defaultConfigurationName = Release;
		};
		310CA57D1D90BAA000091EB3 /* Build configuration list for PBXNativeTarget "ASQRSDetect" */ = {
			isa = XCConfigurationList;
			buildConfigurations = (
				310CA57E1D90BAA000091EB3 /* Debug */,
				310CA57F1D90BAA000091EB3 /* Release */,
			);
			defaultConfigurationIsVisible = 0;
			defaultConfigurationName = Release;
		};
/* End XCConfigurationList section */
	};
	rootObject = 310CA56E1D90BAA000091EB3 /* Project object */;
}
